<Solution>
  <Folder Name="/CI/">
    <File Path=".github/workflows/ci.yml" />
    <File Path=".github/workflows/package.yml" />
    <File Path=".github/workflows/release.yml" />
    <File Path="scripts/build-native.ps1" />
    <File Path="scripts/test-native-aot.ps1" />
  </Folder>
  <Folder Name="/Solution Items/">
    <File Path=".editorconfig" />
    <File Path=".github/renovate.json" />
    <File Path=".gitignore" />
    <File Path="Directory.Build.props" />
    <File Path="Directory.Packages.props" />
    <File Path="LICENSE" />
    <File Path="NuGet.Config" />
    <File Path="README.md" />
  </Folder>
  <Folder Name="/src/">
    <Project Path="src/DTLS/DTLS.csproj" />
  </Folder>
  <Folder Name="/tests/">
    <Project Path="tests/DTLS.NativeAotSmoke/DTLS.NativeAotSmoke.csproj" />
    <Project Path="tests/DTLS.Tests/DTLS.Tests.csproj" />
  </Folder>
</Solution>
